
Microsoft Visual Studio Solution File, Format Version 12.00
# Visual Studio Version 16
VisualStudioVersion = 16.0.30320.27
MinimumVisualStudioVersion = 10.0.40219.1
Project("{FAE04EC0-301F-11D3-BF4B-00C04F79EFBC}") = "Da_NMLT", "Da_NMLT\Da_NMLT.csproj", "{5CA48456-1736-4EF6-ABC1-2A1347B93F00}"
EndProject
Project("{54435603-DBB4-11D2-8724-00A0C9A8B90C}") = "Setup1", "FileSetup\Setup1\Setup1.vdproj", "{A3DF6C00-112E-46D1-97EB-B916EB139D51}"
EndProject
Global
	GlobalSection(SolutionConfigurationPlatforms) = preSolution
		Debug|Any CPU = Debug|Any CPU
		Release|Any CPU = Release|Any CPU
	EndGlobalSection
	GlobalSection(ProjectConfigurationPlatforms) = postSolution
		{5CA48456-1736-4EF6-ABC1-2A1347B93F00}.Debug|Any CPU.ActiveCfg = Debug|Any CPU
		{5CA48456-1736-4EF6-ABC1-2A1347B93F00}.Debug|Any CPU.Build.0 = Debug|Any CPU
		{5CA48456-1736-4EF6-ABC1-2A1347B93F00}.Release|Any CPU.ActiveCfg = Release|Any CPU
		{5CA48456-1736-4EF6-ABC1-2A1347B93F00}.Release|Any CPU.Build.0 = Release|Any CPU
		{A3DF6C00-112E-46D1-97EB-B916EB139D51}.Debug|Any CPU.ActiveCfg = Debug
		{A3DF6C00-112E-46D1-97EB-B916EB139D51}.Release|Any CPU.ActiveCfg = Release
	EndGlobalSection
	GlobalSection(SolutionProperties) = preSolution
		HideSolutionNode = FALSE
	EndGlobalSection
	GlobalSection(ExtensibilityGlobals) = postSolution
		SolutionGuid = {FDB3EF79-AACB-45FE-8ECF-F362084D0394}
	EndGlobalSection
EndGlobal
